
Microsoft Visual Studio Solution File, Format Version 12.00
# Visual Studio 15
VisualStudioVersion = 15.0.26124.0
MinimumVisualStudioVersion = 15.0.26124.0
Project("{2150E333-8FDC-42A3-9474-1A3956D46DE8}") = "app", "app", "{3D6C1B86-EC76-4809-B7C3-C6907CDB1DD6}"
EndProject
Project("{FAE04EC0-301F-11D3-BF4B-00C04F79EFBC}") = "SalesManagement", "app\SalesManagement\SalesManagement.csproj", "{2298635A-850D-4DA4-AE76-094E4C5BCCFF}"
EndProject
Project("{FAE04EC0-301F-11D3-BF4B-00C04F79EFBC}") = "SalesManagement.Tests", "app\SalesManagement.Tests\SalesManagement.Tests.csproj", "{6EBD3655-DFBB-4991-B023-6E1CAF4BCBD4}"
EndProject
Global
	GlobalSection(SolutionConfigurationPlatforms) = preSolution
		Debug|Any CPU = Debug|Any CPU
		Debug|x64 = Debug|x64
		Debug|x86 = Debug|x86
		Release|Any CPU = Release|Any CPU
		Release|x64 = Release|x64
		Release|x86 = Release|x86
	EndGlobalSection
	GlobalSection(SolutionProperties) = preSolution
		HideSolutionNode = FALSE
	EndGlobalSection
	GlobalSection(ProjectConfigurationPlatforms) = postSolution
		{2298635A-850D-4DA4-AE76-094E4C5BCCFF}.Debug|Any CPU.ActiveCfg = Debug|Any CPU
		{2298635A-850D-4DA4-AE76-094E4C5BCCFF}.Debug|Any CPU.Build.0 = Debug|Any CPU
		{2298635A-850D-4DA4-AE76-094E4C5BCCFF}.Debug|x64.ActiveCfg = Debug|Any CPU
		{2298635A-850D-4DA4-AE76-094E4C5BCCFF}.Debug|x64.Build.0 = Debug|Any CPU
		{2298635A-850D-4DA4-AE76-094E4C5BCCFF}.Debug|x86.ActiveCfg = Debug|Any CPU
		{2298635A-850D-4DA4-AE76-094E4C5BCCFF}.Debug|x86.Build.0 = Debug|Any CPU
		{2298635A-850D-4DA4-AE76-094E4C5BCCFF}.Release|Any CPU.ActiveCfg = Release|Any CPU
		{2298635A-850D-4DA4-AE76-094E4C5BCCFF}.Release|Any CPU.Build.0 = Release|Any CPU
		{2298635A-850D-4DA4-AE76-094E4C5BCCFF}.Release|x64.ActiveCfg = Release|Any CPU
		{2298635A-850D-4DA4-AE76-094E4C5BCCFF}.Release|x64.Build.0 = Release|Any CPU
		{2298635A-850D-4DA4-AE76-094E4C5BCCFF}.Release|x86.ActiveCfg = Release|Any CPU
		{2298635A-850D-4DA4-AE76-094E4C5BCCFF}.Release|x86.Build.0 = Release|Any CPU
		{6EBD3655-DFBB-4991-B023-6E1CAF4BCBD4}.Debug|Any CPU.ActiveCfg = Debug|Any CPU
		{6EBD3655-DFBB-4991-B023-6E1CAF4BCBD4}.Debug|Any CPU.Build.0 = Debug|Any CPU
		{6EBD3655-DFBB-4991-B023-6E1CAF4BCBD4}.Debug|x64.ActiveCfg = Debug|Any CPU
		{6EBD3655-DFBB-4991-B023-6E1CAF4BCBD4}.Debug|x64.Build.0 = Debug|Any CPU
		{6EBD3655-DFBB-4991-B023-6E1CAF4BCBD4}.Debug|x86.ActiveCfg = Debug|Any CPU
		{6EBD3655-DFBB-4991-B023-6E1CAF4BCBD4}.Debug|x86.Build.0 = Debug|Any CPU
		{6EBD3655-DFBB-4991-B023-6E1CAF4BCBD4}.Release|Any CPU.ActiveCfg = Release|Any CPU
		{6EBD3655-DFBB-4991-B023-6E1CAF4BCBD4}.Release|Any CPU.Build.0 = Release|Any CPU
		{6EBD3655-DFBB-4991-B023-6E1CAF4BCBD4}.Release|x64.ActiveCfg = Release|Any CPU
		{6EBD3655-DFBB-4991-B023-6E1CAF4BCBD4}.Release|x64.Build.0 = Release|Any CPU
		{6EBD3655-DFBB-4991-B023-6E1CAF4BCBD4}.Release|x86.ActiveCfg = Release|Any CPU
		{6EBD3655-DFBB-4991-B023-6E1CAF4BCBD4}.Release|x86.Build.0 = Release|Any CPU
	EndGlobalSection
	GlobalSection(NestedProjects) = preSolution
		{2298635A-850D-4DA4-AE76-094E4C5BCCFF} = {3D6C1B86-EC76-4809-B7C3-C6907CDB1DD6}
		{6EBD3655-DFBB-4991-B023-6E1CAF4BCBD4} = {3D6C1B86-EC76-4809-B7C3-C6907CDB1DD6}
	EndGlobalSection
EndGlobal
