
Microsoft Visual Studio Solution File, Format Version 12.00
# Visual Studio 15
VisualStudioVersion = 15.0.26124.0
MinimumVisualStudioVersion = 15.0.26124.0
Project("{2150E333-8FDC-42A3-9474-1A3956D46DE8}") = "api", "api", "{19F8E2A8-5A24-46DB-8A0F-8B0A8F04ED99}"
EndProject
Project("{2150E333-8FDC-42A3-9474-1A3956D46DE8}") = "todo", "todo", "{2D595C57-B68E-45DD-BEA3-9DC9CA185539}"
EndProject
Project("{2150E333-8FDC-42A3-9474-1A3956D46DE8}") = "src", "src", "{81418984-2396-4BAA-8EA2-970D5B18B8C2}"
EndProject
Project("{FAE04EC0-301F-11D3-BF4B-00C04F79EFBC}") = "todo", "api\todo\src\todo\todo.csproj", "{493094EB-0A36-41B0-BCAB-0F2A3083AAC2}"
EndProject
Project("{2150E333-8FDC-42A3-9474-1A3956D46DE8}") = "test", "test", "{7FBD544F-EC51-4FDD-82B3-675974B512C4}"
EndProject
Project("{FAE04EC0-301F-11D3-BF4B-00C04F79EFBC}") = "todo.Tests", "api\todo\test\todo.Tests\todo.Tests.csproj", "{409FECCF-DB22-47E1-9344-6B9A2EA860C1}"
EndProject
Project("{2150E333-8FDC-42A3-9474-1A3956D46DE8}") = "app", "app", "{D21C485B-15E2-4CAE-8794-76A8D826FE9C}"
EndProject
Project("{FAE04EC0-301F-11D3-BF4B-00C04F79EFBC}") = "MvcMovie", "app\MvcMovie\MvcMovie.csproj", "{9C5F04F8-4CF2-4BD4-A395-30413E16AB2A}"
EndProject
Global
	GlobalSection(SolutionConfigurationPlatforms) = preSolution
		Debug|Any CPU = Debug|Any CPU
		Debug|x64 = Debug|x64
		Debug|x86 = Debug|x86
		Release|Any CPU = Release|Any CPU
		Release|x64 = Release|x64
		Release|x86 = Release|x86
	EndGlobalSection
	GlobalSection(SolutionProperties) = preSolution
		HideSolutionNode = FALSE
	EndGlobalSection
	GlobalSection(ProjectConfigurationPlatforms) = postSolution
		{493094EB-0A36-41B0-BCAB-0F2A3083AAC2}.Debug|Any CPU.ActiveCfg = Debug|Any CPU
		{493094EB-0A36-41B0-BCAB-0F2A3083AAC2}.Debug|Any CPU.Build.0 = Debug|Any CPU
		{493094EB-0A36-41B0-BCAB-0F2A3083AAC2}.Debug|x64.ActiveCfg = Debug|Any CPU
		{493094EB-0A36-41B0-BCAB-0F2A3083AAC2}.Debug|x64.Build.0 = Debug|Any CPU
		{493094EB-0A36-41B0-BCAB-0F2A3083AAC2}.Debug|x86.ActiveCfg = Debug|Any CPU
		{493094EB-0A36-41B0-BCAB-0F2A3083AAC2}.Debug|x86.Build.0 = Debug|Any CPU
		{493094EB-0A36-41B0-BCAB-0F2A3083AAC2}.Release|Any CPU.ActiveCfg = Release|Any CPU
		{493094EB-0A36-41B0-BCAB-0F2A3083AAC2}.Release|Any CPU.Build.0 = Release|Any CPU
		{493094EB-0A36-41B0-BCAB-0F2A3083AAC2}.Release|x64.ActiveCfg = Release|Any CPU
		{493094EB-0A36-41B0-BCAB-0F2A3083AAC2}.Release|x64.Build.0 = Release|Any CPU
		{493094EB-0A36-41B0-BCAB-0F2A3083AAC2}.Release|x86.ActiveCfg = Release|Any CPU
		{493094EB-0A36-41B0-BCAB-0F2A3083AAC2}.Release|x86.Build.0 = Release|Any CPU
		{409FECCF-DB22-47E1-9344-6B9A2EA860C1}.Debug|Any CPU.ActiveCfg = Debug|Any CPU
		{409FECCF-DB22-47E1-9344-6B9A2EA860C1}.Debug|Any CPU.Build.0 = Debug|Any CPU
		{409FECCF-DB22-47E1-9344-6B9A2EA860C1}.Debug|x64.ActiveCfg = Debug|Any CPU
		{409FECCF-DB22-47E1-9344-6B9A2EA860C1}.Debug|x64.Build.0 = Debug|Any CPU
		{409FECCF-DB22-47E1-9344-6B9A2EA860C1}.Debug|x86.ActiveCfg = Debug|Any CPU
		{409FECCF-DB22-47E1-9344-6B9A2EA860C1}.Debug|x86.Build.0 = Debug|Any CPU
		{409FECCF-DB22-47E1-9344-6B9A2EA860C1}.Release|Any CPU.ActiveCfg = Release|Any CPU
		{409FECCF-DB22-47E1-9344-6B9A2EA860C1}.Release|Any CPU.Build.0 = Release|Any CPU
		{409FECCF-DB22-47E1-9344-6B9A2EA860C1}.Release|x64.ActiveCfg = Release|Any CPU
		{409FECCF-DB22-47E1-9344-6B9A2EA860C1}.Release|x64.Build.0 = Release|Any CPU
		{409FECCF-DB22-47E1-9344-6B9A2EA860C1}.Release|x86.ActiveCfg = Release|Any CPU
		{409FECCF-DB22-47E1-9344-6B9A2EA860C1}.Release|x86.Build.0 = Release|Any CPU
		{9C5F04F8-4CF2-4BD4-A395-30413E16AB2A}.Debug|Any CPU.ActiveCfg = Debug|Any CPU
		{9C5F04F8-4CF2-4BD4-A395-30413E16AB2A}.Debug|Any CPU.Build.0 = Debug|Any CPU
		{9C5F04F8-4CF2-4BD4-A395-30413E16AB2A}.Debug|x64.ActiveCfg = Debug|Any CPU
		{9C5F04F8-4CF2-4BD4-A395-30413E16AB2A}.Debug|x64.Build.0 = Debug|Any CPU
		{9C5F04F8-4CF2-4BD4-A395-30413E16AB2A}.Debug|x86.ActiveCfg = Debug|Any CPU
		{9C5F04F8-4CF2-4BD4-A395-30413E16AB2A}.Debug|x86.Build.0 = Debug|Any CPU
		{9C5F04F8-4CF2-4BD4-A395-30413E16AB2A}.Release|Any CPU.ActiveCfg = Release|Any CPU
		{9C5F04F8-4CF2-4BD4-A395-30413E16AB2A}.Release|Any CPU.Build.0 = Release|Any CPU
		{9C5F04F8-4CF2-4BD4-A395-30413E16AB2A}.Release|x64.ActiveCfg = Release|Any CPU
		{9C5F04F8-4CF2-4BD4-A395-30413E16AB2A}.Release|x64.Build.0 = Release|Any CPU
		{9C5F04F8-4CF2-4BD4-A395-30413E16AB2A}.Release|x86.ActiveCfg = Release|Any CPU
		{9C5F04F8-4CF2-4BD4-A395-30413E16AB2A}.Release|x86.Build.0 = Release|Any CPU
	EndGlobalSection
	GlobalSection(NestedProjects) = preSolution
		{2D595C57-B68E-45DD-BEA3-9DC9CA185539} = {19F8E2A8-5A24-46DB-8A0F-8B0A8F04ED99}
		{81418984-2396-4BAA-8EA2-970D5B18B8C2} = {2D595C57-B68E-45DD-BEA3-9DC9CA185539}
		{493094EB-0A36-41B0-BCAB-0F2A3083AAC2} = {81418984-2396-4BAA-8EA2-970D5B18B8C2}
		{7FBD544F-EC51-4FDD-82B3-675974B512C4} = {2D595C57-B68E-45DD-BEA3-9DC9CA185539}
		{409FECCF-DB22-47E1-9344-6B9A2EA860C1} = {7FBD544F-EC51-4FDD-82B3-675974B512C4}
		{9C5F04F8-4CF2-4BD4-A395-30413E16AB2A} = {D21C485B-15E2-4CAE-8794-76A8D826FE9C}
	EndGlobalSection
EndGlobal
