
Microsoft Visual Studio Solution File, Format Version 12.00
# Visual Studio 15
VisualStudioVersion = 15.0.26124.0
MinimumVisualStudioVersion = 15.0.26124.0
Project("{2150E333-8FDC-42A3-9474-1A3956D46DE8}") = "app", "app", "{FA861116-DDDD-45D5-80D4-EA9C5FE08E6C}"
EndProject
Project("{FAE04EC0-301F-11D3-BF4B-00C04F79EFBC}") = "ContosoUniversity", "app\ContosoUniversity\ContosoUniversity.csproj", "{21A35D7C-1BE5-4044-8663-36BF073AA74D}"
EndProject
Project("{FAE04EC0-301F-11D3-BF4B-00C04F79EFBC}") = "ContosoUniversity.Tests", "app\ContosoUniversity.Tests\ContosoUniversity.Tests.csproj", "{EC9A115A-6D67-4895-ACFC-CE03F51F5C02}"
EndProject
Global
	GlobalSection(SolutionConfigurationPlatforms) = preSolution
		Debug|Any CPU = Debug|Any CPU
		Debug|x64 = Debug|x64
		Debug|x86 = Debug|x86
		Release|Any CPU = Release|Any CPU
		Release|x64 = Release|x64
		Release|x86 = Release|x86
	EndGlobalSection
	GlobalSection(SolutionProperties) = preSolution
		HideSolutionNode = FALSE
	EndGlobalSection
	GlobalSection(ProjectConfigurationPlatforms) = postSolution
		{21A35D7C-1BE5-4044-8663-36BF073AA74D}.Debug|Any CPU.ActiveCfg = Debug|Any CPU
		{21A35D7C-1BE5-4044-8663-36BF073AA74D}.Debug|Any CPU.Build.0 = Debug|Any CPU
		{21A35D7C-1BE5-4044-8663-36BF073AA74D}.Debug|x64.ActiveCfg = Debug|Any CPU
		{21A35D7C-1BE5-4044-8663-36BF073AA74D}.Debug|x64.Build.0 = Debug|Any CPU
		{21A35D7C-1BE5-4044-8663-36BF073AA74D}.Debug|x86.ActiveCfg = Debug|Any CPU
		{21A35D7C-1BE5-4044-8663-36BF073AA74D}.Debug|x86.Build.0 = Debug|Any CPU
		{21A35D7C-1BE5-4044-8663-36BF073AA74D}.Release|Any CPU.ActiveCfg = Release|Any CPU
		{21A35D7C-1BE5-4044-8663-36BF073AA74D}.Release|Any CPU.Build.0 = Release|Any CPU
		{21A35D7C-1BE5-4044-8663-36BF073AA74D}.Release|x64.ActiveCfg = Release|Any CPU
		{21A35D7C-1BE5-4044-8663-36BF073AA74D}.Release|x64.Build.0 = Release|Any CPU
		{21A35D7C-1BE5-4044-8663-36BF073AA74D}.Release|x86.ActiveCfg = Release|Any CPU
		{21A35D7C-1BE5-4044-8663-36BF073AA74D}.Release|x86.Build.0 = Release|Any CPU
		{EC9A115A-6D67-4895-ACFC-CE03F51F5C02}.Debug|Any CPU.ActiveCfg = Debug|Any CPU
		{EC9A115A-6D67-4895-ACFC-CE03F51F5C02}.Debug|Any CPU.Build.0 = Debug|Any CPU
		{EC9A115A-6D67-4895-ACFC-CE03F51F5C02}.Debug|x64.ActiveCfg = Debug|Any CPU
		{EC9A115A-6D67-4895-ACFC-CE03F51F5C02}.Debug|x64.Build.0 = Debug|Any CPU
		{EC9A115A-6D67-4895-ACFC-CE03F51F5C02}.Debug|x86.ActiveCfg = Debug|Any CPU
		{EC9A115A-6D67-4895-ACFC-CE03F51F5C02}.Debug|x86.Build.0 = Debug|Any CPU
		{EC9A115A-6D67-4895-ACFC-CE03F51F5C02}.Release|Any CPU.ActiveCfg = Release|Any CPU
		{EC9A115A-6D67-4895-ACFC-CE03F51F5C02}.Release|Any CPU.Build.0 = Release|Any CPU
		{EC9A115A-6D67-4895-ACFC-CE03F51F5C02}.Release|x64.ActiveCfg = Release|Any CPU
		{EC9A115A-6D67-4895-ACFC-CE03F51F5C02}.Release|x64.Build.0 = Release|Any CPU
		{EC9A115A-6D67-4895-ACFC-CE03F51F5C02}.Release|x86.ActiveCfg = Release|Any CPU
		{EC9A115A-6D67-4895-ACFC-CE03F51F5C02}.Release|x86.Build.0 = Release|Any CPU
	EndGlobalSection
	GlobalSection(NestedProjects) = preSolution
		{21A35D7C-1BE5-4044-8663-36BF073AA74D} = {FA861116-DDDD-45D5-80D4-EA9C5FE08E6C}
		{EC9A115A-6D67-4895-ACFC-CE03F51F5C02} = {FA861116-DDDD-45D5-80D4-EA9C5FE08E6C}
	EndGlobalSection
EndGlobal
