
Microsoft Visual Studio Solution File, Format Version 12.00
# Visual Studio 15
VisualStudioVersion = 15.0.26124.0
MinimumVisualStudioVersion = 15.0.26124.0
Project("{2150E333-8FDC-42A3-9474-1A3956D46DE8}") = "app", "app", "{4A66BB75-3CD8-45C4-BB9D-554FA86BB4E7}"
EndProject
Project("{FAE04EC0-301F-11D3-BF4B-00C04F79EFBC}") = "FizzBuzz", "app\FizzBuzz\FizzBuzz.csproj", "{AAC64D5E-A13B-4F65-88F7-8D1D093847F3}"
EndProject
Project("{FAE04EC0-301F-11D3-BF4B-00C04F79EFBC}") = "FizzBuzz.Tests", "app\FizzBuzz.Tests\FizzBuzz.Tests.csproj", "{7FE3239F-CE4D-44A2-A9D7-525C9A2F0EE3}"
EndProject
Global
	GlobalSection(SolutionConfigurationPlatforms) = preSolution
		Debug|Any CPU = Debug|Any CPU
		Debug|x64 = Debug|x64
		Debug|x86 = Debug|x86
		Release|Any CPU = Release|Any CPU
		Release|x64 = Release|x64
		Release|x86 = Release|x86
	EndGlobalSection
	GlobalSection(SolutionProperties) = preSolution
		HideSolutionNode = FALSE
	EndGlobalSection
	GlobalSection(ProjectConfigurationPlatforms) = postSolution
		{AAC64D5E-A13B-4F65-88F7-8D1D093847F3}.Debug|Any CPU.ActiveCfg = Debug|Any CPU
		{AAC64D5E-A13B-4F65-88F7-8D1D093847F3}.Debug|Any CPU.Build.0 = Debug|Any CPU
		{AAC64D5E-A13B-4F65-88F7-8D1D093847F3}.Debug|x64.ActiveCfg = Debug|Any CPU
		{AAC64D5E-A13B-4F65-88F7-8D1D093847F3}.Debug|x64.Build.0 = Debug|Any CPU
		{AAC64D5E-A13B-4F65-88F7-8D1D093847F3}.Debug|x86.ActiveCfg = Debug|Any CPU
		{AAC64D5E-A13B-4F65-88F7-8D1D093847F3}.Debug|x86.Build.0 = Debug|Any CPU
		{AAC64D5E-A13B-4F65-88F7-8D1D093847F3}.Release|Any CPU.ActiveCfg = Release|Any CPU
		{AAC64D5E-A13B-4F65-88F7-8D1D093847F3}.Release|Any CPU.Build.0 = Release|Any CPU
		{AAC64D5E-A13B-4F65-88F7-8D1D093847F3}.Release|x64.ActiveCfg = Release|Any CPU
		{AAC64D5E-A13B-4F65-88F7-8D1D093847F3}.Release|x64.Build.0 = Release|Any CPU
		{AAC64D5E-A13B-4F65-88F7-8D1D093847F3}.Release|x86.ActiveCfg = Release|Any CPU
		{AAC64D5E-A13B-4F65-88F7-8D1D093847F3}.Release|x86.Build.0 = Release|Any CPU
		{7FE3239F-CE4D-44A2-A9D7-525C9A2F0EE3}.Debug|Any CPU.ActiveCfg = Debug|Any CPU
		{7FE3239F-CE4D-44A2-A9D7-525C9A2F0EE3}.Debug|Any CPU.Build.0 = Debug|Any CPU
		{7FE3239F-CE4D-44A2-A9D7-525C9A2F0EE3}.Debug|x64.ActiveCfg = Debug|Any CPU
		{7FE3239F-CE4D-44A2-A9D7-525C9A2F0EE3}.Debug|x64.Build.0 = Debug|Any CPU
		{7FE3239F-CE4D-44A2-A9D7-525C9A2F0EE3}.Debug|x86.ActiveCfg = Debug|Any CPU
		{7FE3239F-CE4D-44A2-A9D7-525C9A2F0EE3}.Debug|x86.Build.0 = Debug|Any CPU
		{7FE3239F-CE4D-44A2-A9D7-525C9A2F0EE3}.Release|Any CPU.ActiveCfg = Release|Any CPU
		{7FE3239F-CE4D-44A2-A9D7-525C9A2F0EE3}.Release|Any CPU.Build.0 = Release|Any CPU
		{7FE3239F-CE4D-44A2-A9D7-525C9A2F0EE3}.Release|x64.ActiveCfg = Release|Any CPU
		{7FE3239F-CE4D-44A2-A9D7-525C9A2F0EE3}.Release|x64.Build.0 = Release|Any CPU
		{7FE3239F-CE4D-44A2-A9D7-525C9A2F0EE3}.Release|x86.ActiveCfg = Release|Any CPU
		{7FE3239F-CE4D-44A2-A9D7-525C9A2F0EE3}.Release|x86.Build.0 = Release|Any CPU
	EndGlobalSection
	GlobalSection(NestedProjects) = preSolution
		{AAC64D5E-A13B-4F65-88F7-8D1D093847F3} = {4A66BB75-3CD8-45C4-BB9D-554FA86BB4E7}
		{7FE3239F-CE4D-44A2-A9D7-525C9A2F0EE3} = {4A66BB75-3CD8-45C4-BB9D-554FA86BB4E7}
	EndGlobalSection
EndGlobal
